
Microsoft Visual Studio Solution File, Format Version 12.00
# Visual Studio 15
VisualStudioVersion = 15.0.28307.168
MinimumVisualStudioVersion = 10.0.40219.1
Project("{FAE04EC0-301F-11D3-BF4B-00C04F79EFBC}") = "Highlight", "Highlight\Highlight.csproj", "{A78FD882-5894-4AA8-9BE5-D5E6F16E9A78}"
EndProject
Project("{FAE04EC0-301F-11D3-BF4B-00C04F79EFBC}") = "Highlight.Tests", "Highlight.Tests\Highlight.Tests.csproj", "{A34337ED-BA40-4F0F-8406-93D0FE4F257D}"
EndProject
Project("{FAE04EC0-301F-11D3-BF4B-00C04F79EFBC}") = "DemoProject", "DemoProject\DemoProject.csproj", "{661B88C7-6DF7-4DFF-8772-F18D995CDA28}"
EndProject
Global
	GlobalSection(SolutionConfigurationPlatforms) = preSolution
		Debug|Any CPU = Debug|Any CPU
		Release|Any CPU = Release|Any CPU
	EndGlobalSection
	GlobalSection(ProjectConfigurationPlatforms) = postSolution
		{A78FD882-5894-4AA8-9BE5-D5E6F16E9A78}.Debug|Any CPU.ActiveCfg = Debug|Any CPU
		{A78FD882-5894-4AA8-9BE5-D5E6F16E9A78}.Debug|Any CPU.Build.0 = Debug|Any CPU
		{A78FD882-5894-4AA8-9BE5-D5E6F16E9A78}.Release|Any CPU.ActiveCfg = Release|Any CPU
		{A78FD882-5894-4AA8-9BE5-D5E6F16E9A78}.Release|Any CPU.Build.0 = Release|Any CPU
		{A34337ED-BA40-4F0F-8406-93D0FE4F257D}.Debug|Any CPU.ActiveCfg = Debug|Any CPU
		{A34337ED-BA40-4F0F-8406-93D0FE4F257D}.Debug|Any CPU.Build.0 = Debug|Any CPU
		{A34337ED-BA40-4F0F-8406-93D0FE4F257D}.Release|Any CPU.ActiveCfg = Release|Any CPU
		{A34337ED-BA40-4F0F-8406-93D0FE4F257D}.Release|Any CPU.Build.0 = Release|Any CPU
		{661B88C7-6DF7-4DFF-8772-F18D995CDA28}.Debug|Any CPU.ActiveCfg = Debug|Any CPU
		{661B88C7-6DF7-4DFF-8772-F18D995CDA28}.Debug|Any CPU.Build.0 = Debug|Any CPU
		{661B88C7-6DF7-4DFF-8772-F18D995CDA28}.Release|Any CPU.ActiveCfg = Release|Any CPU
		{661B88C7-6DF7-4DFF-8772-F18D995CDA28}.Release|Any CPU.Build.0 = Release|Any CPU
	EndGlobalSection
	GlobalSection(SolutionProperties) = preSolution
		HideSolutionNode = FALSE
	EndGlobalSection
	GlobalSection(ExtensibilityGlobals) = postSolution
		SolutionGuid = {1B1CE766-E4CD-43CC-8FFF-FF9BA3B49637}
	EndGlobalSection
EndGlobal
